<Solution>
  <Folder Name="/src/">
    <Project Path="src/Gloss.Api/Gloss.Api.csproj" />
  </Folder>
  <Folder Name="/test/">
    <Project Path="test/Gloss.IntegrationTests/Gloss.IntegrationTests.csproj" />
  </Folder>
  <Folder Name="/Solution Items/">
    <File Path=".editorconfig" />
    <File Path="nuget.config" />
    <File Path="Directory.Packages.props" />
    <File Path="src/Directory.Build.props" />
    <File Path="test/Directory.Build.props" />
  </Folder>
</Solution>
